
Microsoft Visual Studio Solution File, Format Version 12.00
# Visual Studio Version 17
VisualStudioVersion = 17.1.32328.378
MinimumVisualStudioVersion = 10.0.40219.1
Project("{FAE04EC0-301F-11D3-BF4B-00C04F79EFBC}") = "Inventario_Net6", "Inventario_Net6\Inventario_Net6.csproj", "{0B0A360E-C156-4DFD-AF67-4117CE3D18D5}"
EndProject
Global
	GlobalSection(SolutionConfigurationPlatforms) = preSolution
		Debug|Any CPU = Debug|Any CPU
		Release|Any CPU = Release|Any CPU
	EndGlobalSection
	GlobalSection(ProjectConfigurationPlatforms) = postSolution
		{0B0A360E-C156-4DFD-AF67-4117CE3D18D5}.Debug|Any CPU.ActiveCfg = Debug|Any CPU
		{0B0A360E-C156-4DFD-AF67-4117CE3D18D5}.Debug|Any CPU.Build.0 = Debug|Any CPU
		{0B0A360E-C156-4DFD-AF67-4117CE3D18D5}.Release|Any CPU.ActiveCfg = Release|Any CPU
		{0B0A360E-C156-4DFD-AF67-4117CE3D18D5}.Release|Any CPU.Build.0 = Release|Any CPU
	EndGlobalSection
	GlobalSection(SolutionProperties) = preSolution
		HideSolutionNode = FALSE
	EndGlobalSection
	GlobalSection(ExtensibilityGlobals) = postSolution
		SolutionGuid = {4DE37340-C39C-4E4D-A01B-8CA0BA52920D}
	EndGlobalSection
EndGlobal
